# THIS IS AN AUTOGENERATED FILE. DO NOT EDIT THIS FILE DIRECTLY.
# yarn lockfile v1


"@fontsource/inter@^5.0.15":
  version "5.2.5"
  resolved "https://registry.yarnpkg.com/@fontsource/inter/-/inter-5.2.5.tgz#69efffe6ccfae138cbe1806f41daa39cef986b59"
  integrity sha512-kbsPKj0S4p44JdYRFiW78Td8Ge2sBVxi/PIBwmih+RpSXUdvS9nbs1HIiuUSPtRMi14CqLEZ/fbk7dj7vni1Sg==

"@next/env@14.2.29":
  version "14.2.29"
  resolved "https://registry.yarnpkg.com/@next/env/-/env-14.2.29.tgz#febceb77ab90e44a683c10748a62d1bc10f20d19"
  integrity sha512-UzgLR2eBfhKIQt0aJ7PWH7XRPYw7SXz0Fpzdl5THjUnvxy4kfBk9OU4RNPNiETewEEtaBcExNFNn1QWH8wQTjg==

"@next/swc-darwin-arm64@14.2.29":
  version "14.2.29"
  resolved "https://registry.yarnpkg.com/@next/swc-darwin-arm64/-/swc-darwin-arm64-14.2.29.tgz#615cf42d1533272fcea468489387a089f1ab01c4"
  integrity sha512-wWtrAaxCVMejxPHFb1SK/PVV1WDIrXGs9ki0C/kUM8ubKHQm+3hU9MouUywCw8Wbhj3pewfHT2wjunLEr/TaLA==

"@next/swc-darwin-x64@14.2.29":
  version "14.2.29"
  resolved "https://registry.yarnpkg.com/@next/swc-darwin-x64/-/swc-darwin-x64-14.2.29.tgz#2bf21a5f25f784c456cc58f0f273ede6898a3c96"
  integrity sha512-7Z/jk+6EVBj4pNLw/JQrvZVrAh9Bv8q81zCFSfvTMZ51WySyEHWVpwCEaJY910LyBftv2F37kuDPQm0w9CEXyg==

"@next/swc-linux-arm64-gnu@14.2.29":
  version "14.2.29"
  resolved "https://registry.yarnpkg.com/@next/swc-linux-arm64-gnu/-/swc-linux-arm64-gnu-14.2.29.tgz#408f86e4ae787342f93513a562a226545e971953"
  integrity sha512-o6hrz5xRBwi+G7JFTHc+RUsXo2lVXEfwh4/qsuWBMQq6aut+0w98WEnoNwAwt7hkEqegzvazf81dNiwo7KjITw==

"@next/swc-linux-arm64-musl@14.2.29":
  version "14.2.29"
  resolved "https://registry.yarnpkg.com/@next/swc-linux-arm64-musl/-/swc-linux-arm64-musl-14.2.29.tgz#94071e41c222b68cbbf82fa3a3a33f5b5ca19a94"
  integrity sha512-9i+JEHBOVgqxQ92HHRFlSW1EQXqa/89IVjtHgOqsShCcB/ZBjTtkWGi+SGCJaYyWkr/lzu51NTMCfKuBf7ULNw==

"@next/swc-linux-x64-gnu@14.2.29":
  version "14.2.29"
  resolved "https://registry.yarnpkg.com/@next/swc-linux-x64-gnu/-/swc-linux-x64-gnu-14.2.29.tgz#757a87136f9dd40d7dd0b8624b20b275701c3dcc"
  integrity sha512-B7JtMbkUwHijrGBOhgSQu2ncbCYq9E7PZ7MX58kxheiEOwdkM+jGx0cBb+rN5AeqF96JypEppK6i/bEL9T13lA==

"@next/swc-linux-x64-musl@14.2.29":
  version "14.2.29"
  resolved "https://registry.yarnpkg.com/@next/swc-linux-x64-musl/-/swc-linux-x64-musl-14.2.29.tgz#84a6429f212a08c629a3bfca19842a1053653217"
  integrity sha512-yCcZo1OrO3aQ38B5zctqKU1Z3klOohIxug6qdiKO3Q3qNye/1n6XIs01YJ+Uf+TdpZQ0fNrOQI2HrTLF3Zprnw==

"@next/swc-win32-arm64-msvc@14.2.29":
  version "14.2.29"
  resolved "https://registry.yarnpkg.com/@next/swc-win32-arm64-msvc/-/swc-win32-arm64-msvc-14.2.29.tgz#e79ac6ef251d8e380f5bb406f39dcd144fc0408b"
  integrity sha512-WnrfeOEtTVidI9Z6jDLy+gxrpDcEJtZva54LYC0bSKQqmyuHzl0ego+v0F/v2aXq0am67BRqo/ybmmt45Tzo4A==

"@next/swc-win32-ia32-msvc@14.2.29":
  version "14.2.29"
  resolved "https://registry.yarnpkg.com/@next/swc-win32-ia32-msvc/-/swc-win32-ia32-msvc-14.2.29.tgz#e8bfabeb2bf004f228063358c862a1159ff94b29"
  integrity sha512-vkcriFROT4wsTdSeIzbxaZjTNTFKjSYmLd8q/GVH3Dn8JmYjUKOuKXHK8n+lovW/kdcpIvydO5GtN+It2CvKWA==

"@next/swc-win32-x64-msvc@14.2.29":
  version "14.2.29"
  resolved "https://registry.yarnpkg.com/@next/swc-win32-x64-msvc/-/swc-win32-x64-msvc-14.2.29.tgz#9097b85893a51ca9ba3b9d1733a4aab954edeab5"
  integrity sha512-iPPwUEKnVs7pwR0EBLJlwxLD7TTHWS/AoVZx1l9ZQzfQciqaFEr5AlYzA2uB6Fyby1IF18t4PL0nTpB+k4Tzlw==

"@radix-ui/colors@^3.0.0":
  version "3.0.0"
  resolved "https://registry.yarnpkg.com/@radix-ui/colors/-/colors-3.0.0.tgz#e8a591a303c44e503bd1212cacf40a09511165e0"
  integrity sha512-FUOsGBkHrYJwCSEtWRCIfQbZG7q1e6DgxCIOe1SUQzDe/7rXXeA47s8yCn6fuTNQAj1Zq4oTFi9Yjp3wzElcxg==

"@stitches/react@^1.2.6":
  version "1.2.8"
  resolved "https://registry.yarnpkg.com/@stitches/react/-/react-1.2.8.tgz#954f8008be8d9c65c4e58efa0937f32388ce3a38"
  integrity sha512-9g9dWI4gsSVe8bNLlb+lMkBYsnIKCZTmvqvDG+Avnn69XfmHZKiaMrx7cgTaddq7aTPPmXiTsbFcUy0xgI4+wA==

"@swc/counter@^0.1.3":
  version "0.1.3"
  resolved "https://registry.yarnpkg.com/@swc/counter/-/counter-0.1.3.tgz#cc7463bd02949611c6329596fccd2b0ec782b0e9"
  integrity sha512-e2BR4lsJkkRlKZ/qCHPw9ZaSxc0MVUd7gtbtaB7aMvHeJVYe8sOB8DBZkP2DtISHGSku9sCK6T6cnY0CtXrOCQ==

"@swc/helpers@0.5.5":
  version "0.5.5"
  resolved "https://registry.yarnpkg.com/@swc/helpers/-/helpers-0.5.5.tgz#12689df71bfc9b21c4f4ca00ae55f2f16c8b77c0"
  integrity sha512-KGYxvIOXcceOAbEk4bi/dVLEK9z8sZ0uBB3Il5b1rhfClSpcX0yfRO0KmTkqR2cnQDymwLB+25ZyMzICg/cm/A==
  dependencies:
    "@swc/counter" "^0.1.3"
    tslib "^2.4.0"

"@types/react@19.3.0":
  version "19.3.0"
  resolved "https://registry.yarnpkg.com/@types/react/-/react-19.3.0.tgz#3b3ce8d8c1627fb5ccd4dadd57ef445c5a153b77"
  integrity sha512-N0rFCuH9YoxG9/m61l9MfpJKfmLOVU0em7ipIz6TRgSSkvReLB9vL85GB+yr8Bs5leqpvg96JSwF4ZS1s4viQg==
  dependencies:
    csstype "^3.2.2"

busboy@1.6.0:
  version "1.6.0"
  resolved "https://registry.yarnpkg.com/busboy/-/busboy-1.6.0.tgz#966ea36a9502e43cdb9146962523b92f531f6893"
  integrity sha512-8SFQbg/0hQ9xy3UNTB0YEnsNBbWfhf7RtnzpL7TkBiTBRfrQ9Fxcnz7VJsleJpyp6rVLvXiuORqjlHi5q+PYuA==
  dependencies:
    streamsearch "^1.1.0"

caniuse-lite@^1.0.30001579:
  version "1.0.30001588"
  resolved "https://registry.yarnpkg.com/caniuse-lite/-/caniuse-lite-1.0.30001588.tgz#07f16b65a7f95dba82377096923947fb25bce6e3"
  integrity sha512-+hVY9jE44uKLkH0SrUTqxjxqNTOWHsbnQDIKjwkZ3lNTzUUVdBLBGXtj/q5Mp5u98r3droaZAewQuEDzjQdZlQ==

client-only@0.0.1:
  version "0.0.1"
  resolved "https://registry.yarnpkg.com/client-only/-/client-only-0.0.1.tgz#38bba5d403c41ab150bff64a95c85013cf73bca1"
  integrity sha512-IV3Ou0jSMzZrd3pZ48nLkT9DA7Ag1pnPzaiQhpW7c3RbcqqzvzzVu+L8gfqMp/8IM2MQtSiqaCxrrcfu8I8rMA==

csstype@^3.2.2:
  version "3.2.3"
  resolved "https://registry.yarnpkg.com/csstype/-/csstype-3.2.3.tgz#ec48c0f3e993e50648c86da559e2610995cf989a"
  integrity sha512-z1HGKcYy2xA8AGQfwrn0PAy+PB7X/GSj3UVJW9qKyn43xWa+gl5nXmU4qqLMRzWVLFC8KusUX8T/0kCiOYpAIQ==

date-fns@^4.0.0:
  version "4.1.0"
  resolved "https://registry.yarnpkg.com/date-fns/-/date-fns-4.1.0.tgz#64b3d83fff5aa80438f5b1a633c2e83b8a1c2d14"
  integrity sha512-Ukq0owbQXxa/U3EGtsdVBkR1w7KOQ5gIBqdH2hkvknzZPYvBxb/aa6E8L7tmjFtkwZBu3UXBbjIgPo/Ez4xaNg==

graceful-fs@^4.2.11:
  version "4.2.11"
  resolved "https://registry.yarnpkg.com/graceful-fs/-/graceful-fs-4.2.11.tgz#4183e4e8bf08bb6e05bbb2f7d2e0c8f712ca40e3"
  integrity sha512-RbJ5/jmFcNNCcDV5o9eTnBLJ/HszWV0P73bc+Ff4nS/rJj+YaS6IGyiOL0VoBYX+l1Wrl3k63h/KrH+nhJ0XvQ==

nanoid@^3.3.6:
  version "3.3.7"
  resolved "https://registry.yarnpkg.com/nanoid/-/nanoid-3.3.7.tgz#d0c301a691bc8d54efa0a2226ccf3fe2fd656bd8"
  integrity sha512-eSRppjcPIatRIMC1U6UngP8XFcz8MQWGQdt1MTBQ7NaAmvXDfvNxbvWV3x2y6CdEUciCSsDHDQZbhYaB8QEo2g==

next@14.2.29:
  version "14.2.29"
  resolved "https://registry.yarnpkg.com/next/-/next-14.2.29.tgz#f67610f8368ef863065b3b791e23b9198f0df615"
  integrity sha512-s98mCOMOWLGGpGOfgKSnleXLuegvvH415qtRZXpSp00HeEgdmrxmwL9cgKU+h4XrhB16zEI5d/7BnkS3ATInsA==
  dependencies:
    "@next/env" "14.2.29"
    "@swc/helpers" "0.5.5"
    busboy "1.6.0"
    caniuse-lite "^1.0.30001579"
    graceful-fs "^4.2.11"
    postcss "8.4.31"
    styled-jsx "5.1.1"
  optionalDependencies:
    "@next/swc-darwin-arm64" "14.2.29"
    "@next/swc-darwin-x64" "14.2.29"
    "@next/swc-linux-arm64-gnu" "14.2.29"
    "@next/swc-linux-arm64-musl" "14.2.29"
    "@next/swc-linux-x64-gnu" "14.2.29"
    "@next/swc-linux-x64-musl" "14.2.29"
    "@next/swc-win32-arm64-msvc" "14.2.29"
    "@next/swc-win32-ia32-msvc" "14.2.29"
    "@next/swc-win32-x64-msvc" "14.2.29"

picocolors@^1.0.0:
  version "1.0.0"
  resolved "https://registry.yarnpkg.com/picocolors/-/picocolors-1.0.0.tgz#cb5bdc74ff3f51892236eaf79d68bc44564ab81c"
  integrity sha512-1fygroTLlHu66zi26VoTDv8yRgm0Fccecssto+MhsZ0D/DGW2sm8E8AjW7NU5VVTRt5GxbeZ5qBuJr+HyLYkjQ==

postcss@8.4.31:
  version "8.4.31"
  resolved "https://registry.yarnpkg.com/postcss/-/postcss-8.4.31.tgz#92b451050a9f914da6755af352bdc0192508656d"
  integrity sha512-PS08Iboia9mts/2ygV3eLpY5ghnUcfLV/EXTOW1E2qYxJKGGBUtNjN76FYHnMs36RmARn41bC0AZmn+rR0OVpQ==
  dependencies:
    nanoid "^3.3.6"
    picocolors "^1.0.0"
    source-map-js "^1.0.2"

react-dom@19.3.0:
  version "19.3.0"
  resolved "https://registry.yarnpkg.com/react-dom/-/react-dom-19.3.0.tgz#a0ff19161d7f4e9be5469a07278b0c06e00f9001"
  integrity sha512-JDk8dgif51OjFoDE70+OT9ICyYr+69HlmihNwp1+Nsfbna3t5sIiCa9ZJktDmQ4/1b/rn26hIAR2uYXDMr5r0Q==
  dependencies:
    scheduler "^0.28.0"

react@19.3.0:
  version "19.3.0"
  resolved "https://registry.yarnpkg.com/react/-/react-19.3.0.tgz#e20aa3a14687075ce863351b5878b0608c3fbfb2"
  integrity sha512-E8LUcbtBWt20bbl2YoHfx4ZDBdxVTfOKtCZn9cDSJ4l6/nuoApcpIBcj47t2wZoVX8g2ZHuMHbiShgCR1T5Sog==

scheduler@^0.28.0:
  version "0.28.0"
  resolved "https://registry.yarnpkg.com/scheduler/-/scheduler-0.28.0.tgz#03d3ca348aeaf8b7502f64468f217b27523f9695"
  integrity sha512-juorfCmIkIw8tT+p5BXSm6PJjQF/ycEYmKyzURCIt/RaZIhL+PulbQ9Yu2z1HdOJDdqDTlxA1+xKBmHXJsczAw==

source-map-js@^1.0.2:
  version "1.0.2"
  resolved "https://registry.yarnpkg.com/source-map-js/-/source-map-js-1.0.2.tgz#adbc361d9c62df380125e7f161f71c826f1e490c"
  integrity sha512-R0XvVJ9WusLiqTCEiGCmICCMplcCkIwwR11mOSD9CR5u+IXYdiseeEuXCVAjS54zqwkLcPNnmU4OeJ6tUrWhDw==

streamsearch@^1.1.0:
  version "1.1.0"
  resolved "https://registry.yarnpkg.com/streamsearch/-/streamsearch-1.1.0.tgz#404dd1e2247ca94af554e841a8ef0eaa238da764"
  integrity sha512-Mcc5wHehp9aXz1ax6bZUyY5afg9u2rv5cqQI3mRrYkGC8rW2hM02jWuwjtL++LS5qinSyhj2QfLyNsuc+VsExg==

styled-jsx@5.1.1:
  version "5.1.1"
  resolved "https://registry.yarnpkg.com/styled-jsx/-/styled-jsx-5.1.1.tgz#839a1c3aaacc4e735fed0781b8619ea5d0009d1f"
  integrity sha512-pW7uC1l4mBZ8ugbiZrcIsiIvVx1UmTfw7UkC3Um2tmfUq9Bhk8IiyEIPl6F8agHgjzku6j0xQEZbfA5uSgSaCw==
  dependencies:
    client-only "0.0.1"

tslib@^2.4.0:
  version "2.4.0"
  resolved "https://registry.yarnpkg.com/tslib/-/tslib-2.4.0.tgz#7cecaa7f073ce680a05847aa77be941098f36dc3"
  integrity sha512-d6xOpEDfsi2CZVlPQzGeux8XMwLT9hssAsaPYExaQMuYskwb+x1x7J371tWlbBdWHroy99KnVB6qIkUbs5X3UQ==

typescript@5.8.2:
  version "5.8.2"
  resolved "https://registry.yarnpkg.com/typescript/-/typescript-5.8.2.tgz#8170b3702f74b79db2e5a96207c15e65807999e4"
  integrity sha512-aJn6wq13/afZp/jT9QZmwEjDqqvSGp1VT5GVg+f/t6/oVyrgXM6BY1h9BRh/O5p3PlUPAe+WuiEZOmb/49RqoQ==
