# THIS IS AN AUTOGENERATED FILE. DO NOT EDIT THIS FILE DIRECTLY.
# yarn lockfile v1


"@fontsource/inter@^5.0.15":
  version "5.2.5"
  resolved "https://registry.yarnpkg.com/@fontsource/inter/-/inter-5.2.5.tgz#69efffe6ccfae138cbe1806f41daa39cef986b59"
  integrity sha512-kbsPKj0S4p44JdYRFiW78Td8Ge2sBVxi/PIBwmih+RpSXUdvS9nbs1HIiuUSPtRMi14CqLEZ/fbk7dj7vni1Sg==

"@next/env@14.2.29":
  version "14.2.29"
  resolved "https://registry.yarnpkg.com/@next/env/-/env-14.2.29.tgz#febceb77ab90e44a683c10748a62d1bc10f20d19"
  integrity sha512-UzgLR2eBfhKIQt0aJ7PWH7XRPYw7SXz0Fpzdl5THjUnvxy4kfBk9OU4RNPNiETewEEtaBcExNFNn1QWH8wQTjg==

"@next/swc-darwin-arm64@14.2.29":
  version "14.2.29"
  resolved "https://registry.yarnpkg.com/@next/swc-darwin-arm64/-/swc-darwin-arm64-14.2.29.tgz#615cf42d1533272fcea468489387a089f1ab01c4"
  integrity sha512-wWtrAaxCVMejxPHFb1SK/PVV1WDIrXGs9ki0C/kUM8ubKHQm+3hU9MouUywCw8Wbhj3pewfHT2wjunLEr/TaLA==

"@next/swc-darwin-x64@14.2.29":
  version "14.2.29"
  resolved "https://registry.yarnpkg.com/@next/swc-darwin-x64/-/swc-darwin-x64-14.2.29.tgz#2bf21a5f25f784c456cc58f0f273ede6898a3c96"
  integrity sha512-7Z/jk+6EVBj4pNLw/JQrvZVrAh9Bv8q81zCFSfvTMZ51WySyEHWVpwCEaJY910LyBftv2F37kuDPQm0w9CEXyg==

"@next/swc-linux-arm64-gnu@14.2.29":
  version "14.2.29"
  resolved "https://registry.yarnpkg.com/@next/swc-linux-arm64-gnu/-/swc-linux-arm64-gnu-14.2.29.tgz#408f86e4ae787342f93513a562a226545e971953"
  integrity sha512-o6hrz5xRBwi+G7JFTHc+RUsXo2lVXEfwh4/qsuWBMQq6aut+0w98WEnoNwAwt7hkEqegzvazf81dNiwo7KjITw==

"@next/swc-linux-arm64-musl@14.2.29":
  version "14.2.29"
  resolved "https://registry.yarnpkg.com/@next/swc-linux-arm64-musl/-/swc-linux-arm64-musl-14.2.29.tgz#94071e41c222b68cbbf82fa3a3a33f5b5ca19a94"
  integrity sha512-9i+JEHBOVgqxQ92HHRFlSW1EQXqa/89IVjtHgOqsShCcB/ZBjTtkWGi+SGCJaYyWkr/lzu51NTMCfKuBf7ULNw==

"@next/swc-linux-x64-gnu@14.2.29":
  version "14.2.29"
  resolved "https://registry.yarnpkg.com/@next/swc-linux-x64-gnu/-/swc-linux-x64-gnu-14.2.29.tgz#757a87136f9dd40d7dd0b8624b20b275701c3dcc"
  integrity sha512-B7JtMbkUwHijrGBOhgSQu2ncbCYq9E7PZ7MX58kxheiEOwdkM+jGx0cBb+rN5AeqF96JypEppK6i/bEL9T13lA==

"@next/swc-linux-x64-musl@14.2.29":
  version "14.2.29"
  resolved "https://registry.yarnpkg.com/@next/swc-linux-x64-musl/-/swc-linux-x64-musl-14.2.29.tgz#84a6429f212a08c629a3bfca19842a1053653217"
  integrity sha512-yCcZo1OrO3aQ38B5zctqKU1Z3klOohIxug6qdiKO3Q3qNye/1n6XIs01YJ+Uf+TdpZQ0fNrOQI2HrTLF3Zprnw==

"@next/swc-win32-arm64-msvc@14.2.29":
  version "14.2.29"
  resolved "https://registry.yarnpkg.com/@next/swc-win32-arm64-msvc/-/swc-win32-arm64-msvc-14.2.29.tgz#e79ac6ef251d8e380f5bb406f39dcd144fc0408b"
  integrity sha512-WnrfeOEtTVidI9Z6jDLy+gxrpDcEJtZva54LYC0bSKQqmyuHzl0ego+v0F/v2aXq0am67BRqo/ybmmt45Tzo4A==

"@next/swc-win32-ia32-msvc@14.2.29":
  version "14.2.29"
  resolved "https://registry.yarnpkg.com/@next/swc-win32-ia32-msvc/-/swc-win32-ia32-msvc-14.2.29.tgz#e8bfabeb2bf004f228063358c862a1159ff94b29"
  integrity sha512-vkcriFROT4wsTdSeIzbxaZjTNTFKjSYmLd8q/GVH3Dn8JmYjUKOuKXHK8n+lovW/kdcpIvydO5GtN+It2CvKWA==

"@next/swc-win32-x64-msvc@14.2.29":
  version "14.2.29"
  resolved "https://registry.yarnpkg.com/@next/swc-win32-x64-msvc/-/swc-win32-x64-msvc-14.2.29.tgz#9097b85893a51ca9ba3b9d1733a4aab954edeab5"
  integrity sha512-iPPwUEKnVs7pwR0EBLJlwxLD7TTHWS/AoVZx1l9ZQzfQciqaFEr5AlYzA2uB6Fyby1IF18t4PL0nTpB+k4Tzlw==

"@radix-ui/colors@^3.0.0":
  version "3.0.0"
  resolved "https://registry.yarnpkg.com/@radix-ui/colors/-/colors-3.0.0.tgz#e8a591a303c44e503bd1212cacf40a09511165e0"
  integrity sha512-FUOsGBkHrYJwCSEtWRCIfQbZG7q1e6DgxCIOe1SUQzDe/7rXXeA47s8yCn6fuTNQAj1Zq4oTFi9Yjp3wzElcxg==

"@stitches/react@^1.2.6":
  version "1.2.8"
  resolved "https://registry.yarnpkg.com/@stitches/react/-/react-1.2.8.tgz#954f8008be8d9c65c4e58efa0937f32388ce3a38"
  integrity sha512-9g9dWI4gsSVe8bNLlb+lMkBYsnIKCZTmvqvDG+Avnn69XfmHZKiaMrx7cgTaddq7aTPPmXiTsbFcUy0xgI4+wA==

"@swc/counter@^0.1.3":
  version "0.1.3"
  resolved "https://registry.yarnpkg.com/@swc/counter/-/counter-0.1.3.tgz#cc7463bd02949611c6329596fccd2b0ec782b0e9"
  integrity sha512-e2BR4lsJkkRlKZ/qCHPw9ZaSxc0MVUd7gtbtaB7aMvHeJVYe8sOB8DBZkP2DtISHGSku9sCK6T6cnY0CtXrOCQ==

"@swc/helpers@0.5.5":
  version "0.5.5"
  resolved "https://registry.yarnpkg.com/@swc/helpers/-/helpers-0.5.5.tgz#12689df71bfc9b21c4f4ca00ae55f2f16c8b77c0"
  integrity sha512-KGYxvIOXcceOAbEk4bi/dVLEK9z8sZ0uBB3Il5b1rhfClSpcX0yfRO0KmTkqR2cnQDymwLB+25ZyMzICg/cm/A==
  dependencies:
    "@swc/counter" "^0.1.3"
    tslib "^2.4.0"

"@types/react@19.0.10":
  version "19.0.10"
  resolved "https://registry.yarnpkg.com/@types/react/-/react-19.0.10.tgz#d0c66dafd862474190fe95ce11a68de69ed2b0eb"
  integrity sha512-JuRQ9KXLEjaUNjTWpzuR231Z2WpIwczOkBEIvbHNCzQefFIT0L8IqE6NV6ULLyC1SI/i234JnDoMkfg+RjQj2g==
  dependencies:
    csstype "^3.0.2"

"@typescript/typescript-aix-ppc64@7.0.2":
  version "7.0.2"
  resolved "https://registry.yarnpkg.com/@typescript/typescript-aix-ppc64/-/typescript-aix-ppc64-7.0.2.tgz#cdc7ce81d60f1e09034960ddfb1fb880d7a776b6"
  integrity sha512-MTKKkWB7p/0E9xi1d1tHtZ5PiLkGEMIq88pK2CubZjOsLtYTLqhgIgi6zepFa+9GHZ6h05NMCkQxGKiPXMxXtQ==

"@typescript/typescript-darwin-arm64@7.0.2":
  version "7.0.2"
  resolved "https://registry.yarnpkg.com/@typescript/typescript-darwin-arm64/-/typescript-darwin-arm64-7.0.2.tgz#a55fdfcfa58df58d27db2237cde6a5c1e35a7235"
  integrity sha512-gowzar9MwS/aRWp6f3a4KUqzRjAZjOsmGNCM6LcTgXum+dBfgsBVMN+AgvOCCbguXyick6LJhpBszxMebJ8syA==

"@typescript/typescript-darwin-x64@7.0.2":
  version "7.0.2"
  resolved "https://registry.yarnpkg.com/@typescript/typescript-darwin-x64/-/typescript-darwin-x64-7.0.2.tgz#38d1c9172800a91d707bec64d2a370a016634db4"
  integrity sha512-SZ9xZInqApNlNGc9s0W1VSsktYSOe9cFqNOIqmN1Gs8SmkjKZYFt017G4VwPxASInODuAdbTW7sXiFUf893RgA==

"@typescript/typescript-freebsd-arm64@7.0.2":
  version "7.0.2"
  resolved "https://registry.yarnpkg.com/@typescript/typescript-freebsd-arm64/-/typescript-freebsd-arm64-7.0.2.tgz#f1ff8810030b35d2b5be0db6a2dc650460ea94fa"
  integrity sha512-W5NH4y/J0plIIS5b2xvTEkU7JFxyqdMAOgf+Ilhl0vHQXKO5dZoxd+C/jEtq56c4F3wk71RB4BMRQ2XdI+bwYQ==

"@typescript/typescript-freebsd-x64@7.0.2":
  version "7.0.2"
  resolved "https://registry.yarnpkg.com/@typescript/typescript-freebsd-x64/-/typescript-freebsd-x64-7.0.2.tgz#3d86b03f353c5b1ba95162eb6ce35533bfc294bd"
  integrity sha512-UMGDx5sTpzNw3WiPebH7l90IWfJggEd+egHt/q6p7/Cm3zqoV7VxkGXt+3DxPIw8CcmvAB0j3sVVfbhX+M4Tpw==

"@typescript/typescript-linux-arm64@7.0.2":
  version "7.0.2"
  resolved "https://registry.yarnpkg.com/@typescript/typescript-linux-arm64/-/typescript-linux-arm64-7.0.2.tgz#d9334d96d6dac6ff85da9c865588948de939e91f"
  integrity sha512-Qh4eU4/y3yDjnfjjyPYihMj5/ODIlmt+Bzu17OI+fiSRDW57QmU5SiN63exPRNJPKUzcc1INa1NXdrJ+MqHjUQ==

"@typescript/typescript-linux-arm@7.0.2":
  version "7.0.2"
  resolved "https://registry.yarnpkg.com/@typescript/typescript-linux-arm/-/typescript-linux-arm-7.0.2.tgz#ad94b41e1aee2a4dcc6a298c7b67c43345fde32e"
  integrity sha512-gffT3xPz9sR7j/YJExkyPntrI0P2EP9XbOyWzth2/Gs0RstK+90RBcO0ncXoXy/beYll1SXw846Nf2zdnEz0QQ==

"@typescript/typescript-linux-loong64@7.0.2":
  version "7.0.2"
  resolved "https://registry.yarnpkg.com/@typescript/typescript-linux-loong64/-/typescript-linux-loong64-7.0.2.tgz#2965aee4fc873360139d893daafe6397a29138ad"
  integrity sha512-uEHck9i8hoAzXPiYRib1O7miOnz23SxIeVl6F4LXox+qov1K35jHcEW6VHKvZI+pyvl7fZEP4MCU5LYvIq1GuQ==

"@typescript/typescript-linux-mips64el@7.0.2":
  version "7.0.2"
  resolved "https://registry.yarnpkg.com/@typescript/typescript-linux-mips64el/-/typescript-linux-mips64el-7.0.2.tgz#1a887a311bed3a833f80bfd4a9ed37c271936cf0"
  integrity sha512-R4KvAMnE43W5Qeqb0Ly56O3mWMWIAgsMyz36DCaycd5nbg/9kzm0liw3JocfRqyJY0KPmzFjbswozXyW0DnIYA==

"@typescript/typescript-linux-ppc64@7.0.2":
  version "7.0.2"
  resolved "https://registry.yarnpkg.com/@typescript/typescript-linux-ppc64/-/typescript-linux-ppc64-7.0.2.tgz#8b63c9b2f445b393eb4e43ec21da225dade3577d"
  integrity sha512-DORx5b3sd/4S7eayxm4FQv+A7CrkUIGRaHiwI8oiHTAI1fAPWhF4J0vAlkC8biAlHSVVwxMQ3tjZ2/DVbnQiiA==

"@typescript/typescript-linux-riscv64@7.0.2":
  version "7.0.2"
  resolved "https://registry.yarnpkg.com/@typescript/typescript-linux-riscv64/-/typescript-linux-riscv64-7.0.2.tgz#b6e8a35c289b3ea97a92a41d461aaeed0d3b36e1"
  integrity sha512-wf0jqEDOjrPRnKwYRyyJDRo11KMbvMFrU+q4zqKyChODBzvlkbhNQfKvLxQCcwTpdDaXSHZTVuh0JoCrKCUMHQ==

"@typescript/typescript-linux-s390x@7.0.2":
  version "7.0.2"
  resolved "https://registry.yarnpkg.com/@typescript/typescript-linux-s390x/-/typescript-linux-s390x-7.0.2.tgz#2ef96693be4861f6d17965427e5b009cbbed1a3e"
  integrity sha512-IkwJc3L7yhytWd/ewjyxNDfOmswCm9GWMJT/ue/dU4aZNbwZeYAetq42VyLmsmSjvoX7z74X6ZaYCtzAr0EuGw==

"@typescript/typescript-linux-x64@7.0.2":
  version "7.0.2"
  resolved "https://registry.yarnpkg.com/@typescript/typescript-linux-x64/-/typescript-linux-x64-7.0.2.tgz#73269cb0baba50aea0ca060445a6b88e583f1ce2"
  integrity sha512-EYdf2cNg7rgCWJnxCdJ+F3V39O8ihb37eHAu1LK8oAFizgTQbPOK7zHHXbPt8rX24COqODXeI3sIf0fCXG7H/A==

"@typescript/typescript-netbsd-arm64@7.0.2":
  version "7.0.2"
  resolved "https://registry.yarnpkg.com/@typescript/typescript-netbsd-arm64/-/typescript-netbsd-arm64-7.0.2.tgz#3a3649f97fafa210b4e6e3798c15e06605c8a901"
  integrity sha512-+polYF4MF04aPpO5FTkHran9yUQDSXqy5GiSDKpsll5jy3l3+g9QLhpf39T+ePtefhXLOGrLl0QIjkQP6VnelA==

"@typescript/typescript-netbsd-x64@7.0.2":
  version "7.0.2"
  resolved "https://registry.yarnpkg.com/@typescript/typescript-netbsd-x64/-/typescript-netbsd-x64-7.0.2.tgz#47ec59491a40c470d2807dc4d2b825528fd979ab"
  integrity sha512-8YIT0EHM/3dq10ZOVF/A7pc/YSMtbcecct4rWtexrnSCHOPcpC2KTLXfTCR6vDpnSiY12heNb1GiN/wu+T/FyA==

"@typescript/typescript-openbsd-arm64@7.0.2":
  version "7.0.2"
  resolved "https://registry.yarnpkg.com/@typescript/typescript-openbsd-arm64/-/typescript-openbsd-arm64-7.0.2.tgz#796be8da0bd989d8a3fb96f2801e38a8365b4baf"
  integrity sha512-APT8+ClYnuYm1u9+kgGXoMj2VzWzcymwh2gNSQVySHfkRDGOTVkoWLjCmOQSaO+PoqQ57B0flRp9SA+7GnnkzQ==

"@typescript/typescript-openbsd-x64@7.0.2":
  version "7.0.2"
  resolved "https://registry.yarnpkg.com/@typescript/typescript-openbsd-x64/-/typescript-openbsd-x64-7.0.2.tgz#d37fe2a729eb942c076c454ee7f1815faf7d560f"
  integrity sha512-yX7s+Q0Dln0Dt9tEzZsAjXXR/+ytBM7AlglaqyeMPxQszJ1JhlJdZ6jLA+IzldHtflX81em7lDao1xXu+aRRkg==

"@typescript/typescript-sunos-x64@7.0.2":
  version "7.0.2"
  resolved "https://registry.yarnpkg.com/@typescript/typescript-sunos-x64/-/typescript-sunos-x64-7.0.2.tgz#aba8d3464c3565a7044789baba96916bd4ab2c88"
  integrity sha512-dLJDGaLZ1D4HPQn62u1n8mBDkJREwMsAkCdkwd4Ieqw+x3TUyTsqY0YiBCtE6H6OzzgGk3iuZ3vFWRS+E8/d1g==

"@typescript/typescript-win32-arm64@7.0.2":
  version "7.0.2"
  resolved "https://registry.yarnpkg.com/@typescript/typescript-win32-arm64/-/typescript-win32-arm64-7.0.2.tgz#b9de50a17196383f62620b5f9d0a2f34ad3b60d7"
  integrity sha512-Gyl1Vy6OsWesLzmq+EP0Fb7b4Nid5232AvcA2SFcdYreldpNtYFFofPjnt62y9hQy7VTaZp65ICJjuAQRaVcIQ==

"@typescript/typescript-win32-x64@7.0.2":
  version "7.0.2"
  resolved "https://registry.yarnpkg.com/@typescript/typescript-win32-x64/-/typescript-win32-x64-7.0.2.tgz#cf3b7b0d6ce5635daca4c8e01c189cdcde47ec3c"
  integrity sha512-0BQ3HkAHHlKLSp1qRvf3SUhGpGsDuhB/jgFw75guyqbxJqEaS0Cw/VFO8i2nHglJUzQCRtMMR/IBAKE3ETMC4g==

busboy@1.6.0:
  version "1.6.0"
  resolved "https://registry.yarnpkg.com/busboy/-/busboy-1.6.0.tgz#966ea36a9502e43cdb9146962523b92f531f6893"
  integrity sha512-8SFQbg/0hQ9xy3UNTB0YEnsNBbWfhf7RtnzpL7TkBiTBRfrQ9Fxcnz7VJsleJpyp6rVLvXiuORqjlHi5q+PYuA==
  dependencies:
    streamsearch "^1.1.0"

caniuse-lite@^1.0.30001579:
  version "1.0.30001588"
  resolved "https://registry.yarnpkg.com/caniuse-lite/-/caniuse-lite-1.0.30001588.tgz#07f16b65a7f95dba82377096923947fb25bce6e3"
  integrity sha512-+hVY9jE44uKLkH0SrUTqxjxqNTOWHsbnQDIKjwkZ3lNTzUUVdBLBGXtj/q5Mp5u98r3droaZAewQuEDzjQdZlQ==

client-only@0.0.1:
  version "0.0.1"
  resolved "https://registry.yarnpkg.com/client-only/-/client-only-0.0.1.tgz#38bba5d403c41ab150bff64a95c85013cf73bca1"
  integrity sha512-IV3Ou0jSMzZrd3pZ48nLkT9DA7Ag1pnPzaiQhpW7c3RbcqqzvzzVu+L8gfqMp/8IM2MQtSiqaCxrrcfu8I8rMA==

csstype@^3.0.2:
  version "3.0.8"
  resolved "https://registry.yarnpkg.com/csstype/-/csstype-3.0.8.tgz#d2266a792729fb227cd216fb572f43728e1ad340"
  integrity sha512-jXKhWqXPmlUeoQnF/EhTtTl4C9SnrxSH/jZUih3jmO6lBKr99rP3/+FmrMj4EFpOXzMtXHAZkd3x0E6h6Fgflw==

date-fns@^4.0.0:
  version "4.1.0"
  resolved "https://registry.yarnpkg.com/date-fns/-/date-fns-4.1.0.tgz#64b3d83fff5aa80438f5b1a633c2e83b8a1c2d14"
  integrity sha512-Ukq0owbQXxa/U3EGtsdVBkR1w7KOQ5gIBqdH2hkvknzZPYvBxb/aa6E8L7tmjFtkwZBu3UXBbjIgPo/Ez4xaNg==

graceful-fs@^4.2.11:
  version "4.2.11"
  resolved "https://registry.yarnpkg.com/graceful-fs/-/graceful-fs-4.2.11.tgz#4183e4e8bf08bb6e05bbb2f7d2e0c8f712ca40e3"
  integrity sha512-RbJ5/jmFcNNCcDV5o9eTnBLJ/HszWV0P73bc+Ff4nS/rJj+YaS6IGyiOL0VoBYX+l1Wrl3k63h/KrH+nhJ0XvQ==

nanoid@^3.3.6:
  version "3.3.7"
  resolved "https://registry.yarnpkg.com/nanoid/-/nanoid-3.3.7.tgz#d0c301a691bc8d54efa0a2226ccf3fe2fd656bd8"
  integrity sha512-eSRppjcPIatRIMC1U6UngP8XFcz8MQWGQdt1MTBQ7NaAmvXDfvNxbvWV3x2y6CdEUciCSsDHDQZbhYaB8QEo2g==

next@14.2.29:
  version "14.2.29"
  resolved "https://registry.yarnpkg.com/next/-/next-14.2.29.tgz#f67610f8368ef863065b3b791e23b9198f0df615"
  integrity sha512-s98mCOMOWLGGpGOfgKSnleXLuegvvH415qtRZXpSp00HeEgdmrxmwL9cgKU+h4XrhB16zEI5d/7BnkS3ATInsA==
  dependencies:
    "@next/env" "14.2.29"
    "@swc/helpers" "0.5.5"
    busboy "1.6.0"
    caniuse-lite "^1.0.30001579"
    graceful-fs "^4.2.11"
    postcss "8.4.31"
    styled-jsx "5.1.1"
  optionalDependencies:
    "@next/swc-darwin-arm64" "14.2.29"
    "@next/swc-darwin-x64" "14.2.29"
    "@next/swc-linux-arm64-gnu" "14.2.29"
    "@next/swc-linux-arm64-musl" "14.2.29"
    "@next/swc-linux-x64-gnu" "14.2.29"
    "@next/swc-linux-x64-musl" "14.2.29"
    "@next/swc-win32-arm64-msvc" "14.2.29"
    "@next/swc-win32-ia32-msvc" "14.2.29"
    "@next/swc-win32-x64-msvc" "14.2.29"

picocolors@^1.0.0:
  version "1.0.0"
  resolved "https://registry.yarnpkg.com/picocolors/-/picocolors-1.0.0.tgz#cb5bdc74ff3f51892236eaf79d68bc44564ab81c"
  integrity sha512-1fygroTLlHu66zi26VoTDv8yRgm0Fccecssto+MhsZ0D/DGW2sm8E8AjW7NU5VVTRt5GxbeZ5qBuJr+HyLYkjQ==

postcss@8.4.31:
  version "8.4.31"
  resolved "https://registry.yarnpkg.com/postcss/-/postcss-8.4.31.tgz#92b451050a9f914da6755af352bdc0192508656d"
  integrity sha512-PS08Iboia9mts/2ygV3eLpY5ghnUcfLV/EXTOW1E2qYxJKGGBUtNjN76FYHnMs36RmARn41bC0AZmn+rR0OVpQ==
  dependencies:
    nanoid "^3.3.6"
    picocolors "^1.0.0"
    source-map-js "^1.0.2"

react-dom@19.0.0:
  version "19.0.0"
  resolved "https://registry.yarnpkg.com/react-dom/-/react-dom-19.0.0.tgz#43446f1f01c65a4cd7f7588083e686a6726cfb57"
  integrity sha512-4GV5sHFG0e/0AD4X+ySy6UJd3jVl1iNsNHdpad0qhABJ11twS3TTBnseqsKurKcsNqCEFeGL3uLpVChpIO3QfQ==
  dependencies:
    scheduler "^0.25.0"

react@19.0.0:
  version "19.0.0"
  resolved "https://registry.yarnpkg.com/react/-/react-19.0.0.tgz#6e1969251b9f108870aa4bff37a0ce9ddfaaabdd"
  integrity sha512-V8AVnmPIICiWpGfm6GLzCR/W5FXLchHop40W4nXBmdlEceh16rCN8O8LNWm5bh5XUX91fh7KpA+W0TgMKmgTpQ==

scheduler@^0.25.0:
  version "0.25.0"
  resolved "https://registry.yarnpkg.com/scheduler/-/scheduler-0.25.0.tgz#336cd9768e8cceebf52d3c80e3dcf5de23e7e015"
  integrity sha512-xFVuu11jh+xcO7JOAGJNOXld8/TcEHK/4CituBUeUb5hqxJLj9YuemAEuvm9gQ/+pgXYfbQuqAkiYu+u7YEsNA==

source-map-js@^1.0.2:
  version "1.0.2"
  resolved "https://registry.yarnpkg.com/source-map-js/-/source-map-js-1.0.2.tgz#adbc361d9c62df380125e7f161f71c826f1e490c"
  integrity sha512-R0XvVJ9WusLiqTCEiGCmICCMplcCkIwwR11mOSD9CR5u+IXYdiseeEuXCVAjS54zqwkLcPNnmU4OeJ6tUrWhDw==

streamsearch@^1.1.0:
  version "1.1.0"
  resolved "https://registry.yarnpkg.com/streamsearch/-/streamsearch-1.1.0.tgz#404dd1e2247ca94af554e841a8ef0eaa238da764"
  integrity sha512-Mcc5wHehp9aXz1ax6bZUyY5afg9u2rv5cqQI3mRrYkGC8rW2hM02jWuwjtL++LS5qinSyhj2QfLyNsuc+VsExg==

styled-jsx@5.1.1:
  version "5.1.1"
  resolved "https://registry.yarnpkg.com/styled-jsx/-/styled-jsx-5.1.1.tgz#839a1c3aaacc4e735fed0781b8619ea5d0009d1f"
  integrity sha512-pW7uC1l4mBZ8ugbiZrcIsiIvVx1UmTfw7UkC3Um2tmfUq9Bhk8IiyEIPl6F8agHgjzku6j0xQEZbfA5uSgSaCw==
  dependencies:
    client-only "0.0.1"

tslib@^2.4.0:
  version "2.4.0"
  resolved "https://registry.yarnpkg.com/tslib/-/tslib-2.4.0.tgz#7cecaa7f073ce680a05847aa77be941098f36dc3"
  integrity sha512-d6xOpEDfsi2CZVlPQzGeux8XMwLT9hssAsaPYExaQMuYskwb+x1x7J371tWlbBdWHroy99KnVB6qIkUbs5X3UQ==

typescript@7.0.2:
  version "7.0.2"
  resolved "https://registry.yarnpkg.com/typescript/-/typescript-7.0.2.tgz#9ec773d7954a8c182c17cc5bbd575aa28bc51582"
  integrity sha512-8FYau96o3NKOhbjKi/qNvG/W5jhzxkbdm5sj9AbZ/5T5sWqn3hJgLfGx27sRKZWTvyzCP8dLRBTf5tBTSRVUNA==
  optionalDependencies:
    "@typescript/typescript-aix-ppc64" "7.0.2"
    "@typescript/typescript-darwin-arm64" "7.0.2"
    "@typescript/typescript-darwin-x64" "7.0.2"
    "@typescript/typescript-freebsd-arm64" "7.0.2"
    "@typescript/typescript-freebsd-x64" "7.0.2"
    "@typescript/typescript-linux-arm" "7.0.2"
    "@typescript/typescript-linux-arm64" "7.0.2"
    "@typescript/typescript-linux-loong64" "7.0.2"
    "@typescript/typescript-linux-mips64el" "7.0.2"
    "@typescript/typescript-linux-ppc64" "7.0.2"
    "@typescript/typescript-linux-riscv64" "7.0.2"
    "@typescript/typescript-linux-s390x" "7.0.2"
    "@typescript/typescript-linux-x64" "7.0.2"
    "@typescript/typescript-netbsd-arm64" "7.0.2"
    "@typescript/typescript-netbsd-x64" "7.0.2"
    "@typescript/typescript-openbsd-arm64" "7.0.2"
    "@typescript/typescript-openbsd-x64" "7.0.2"
    "@typescript/typescript-sunos-x64" "7.0.2"
    "@typescript/typescript-win32-arm64" "7.0.2"
    "@typescript/typescript-win32-x64" "7.0.2"
